
Microsoft Visual Studio Solution File, Format Version 12.00
# Visual Studio Version 18
VisualStudioVersion = 18.1.11312.151 d18.0
MinimumVisualStudioVersion = 10.0.40219.1
Project("{FAE04EC0-301F-11D3-BF4B-00C04F79EFBC}") = "CrawfisSoftware.Path", "CrawfisSoftware.Path.csproj", "{A770B497-21A6-F87F-6609-1CB5196D5D07}"
EndProject
Global
	GlobalSection(SolutionConfigurationPlatforms) = preSolution
		Debug|Any CPU = Debug|Any CPU
		Release|Any CPU = Release|Any CPU
	EndGlobalSection
	GlobalSection(ProjectConfigurationPlatforms) = postSolution
		{A770B497-21A6-F87F-6609-1CB5196D5D07}.Debug|Any CPU.ActiveCfg = Debug|Any CPU
		{A770B497-21A6-F87F-6609-1CB5196D5D07}.Debug|Any CPU.Build.0 = Debug|Any CPU
		{A770B497-21A6-F87F-6609-1CB5196D5D07}.Release|Any CPU.ActiveCfg = Release|Any CPU
		{A770B497-21A6-F87F-6609-1CB5196D5D07}.Release|Any CPU.Build.0 = Release|Any CPU
	EndGlobalSection
	GlobalSection(SolutionProperties) = preSolution
		HideSolutionNode = FALSE
	EndGlobalSection
	GlobalSection(ExtensibilityGlobals) = postSolution
		SolutionGuid = {390F8890-A781-40F5-8BBF-FAB52F0D9A42}
	EndGlobalSection
EndGlobal
